lockfileVersion: 5.4

specifiers:
  '@type-challenges/utils': ^0.1.1
  '@types/node': ^22.10.1
  globals: ^15.13.0
  type-testing: ^0.2.0
  typescript: ^5.7.2

dependencies:
  '@type-challenges/utils': 0.1.1
  type-testing: 0.2.0

devDependencies:
  '@types/node': 22.10.5
  globals: 15.14.0
  typescript: 5.7.2

packages:

  /@type-challenges/utils/0.1.1:
    resolution: {integrity: sha512-A7ljYfBM+FLw+NDyuYvGBJiCEV9c0lPWEAdzfOAkb3JFqfLl0Iv/WhWMMARHiRKlmmiD1g8gz/507yVvHdQUYA==}
    dev: false

  /@types/node/22.10.5:
    resolution: {integrity: sha512-F8Q+SeGimwOo86fiovQh8qiXfFEh2/ocYv7tU5pJ3EXMSSxk1Joj5wefpFK2fHTf/N6HKGSxIDBT9f3gCxXPkQ==}
    dependencies:
      undici-types: 6.20.0
    dev: true

  /globals/15.14.0:
    resolution: {integrity: sha512-OkToC372DtlQeje9/zHIo5CT8lRP/FUgEOKBEhU4e0abL7J7CD24fD9ohiLN5hagG/kWCYj4K5oaxxtj2Z0Dig==}
    engines: {node: '>=18'}
    dev: true

  /type-testing/0.2.0:
    resolution: {integrity: sha512-HAf4o9LjUAh9xEIXZTNm+ak2tjTgK64QhTlT/D8UNedII2/eagdEbtbaVK6920K7+QBrwfvxpjPGlfWVKZ+MZQ==}
    engines: {node: '>= 20.x'}
    dev: false

  /typescript/5.7.2:
    resolution: {integrity: sha512-i5t66RHxDvVN40HfDd1PsEThGNnlMCMT3jMUuoh9/0TaqWevNontacunWyN02LA9/fIbEWlcHZcgTKb9QoaLfg==}
    engines: {node: '>=14.17'}
    hasBin: true
    dev: true

  /undici-types/6.20.0:
    resolution: {integrity: sha512-Ny6QZ2Nju20vw1SRHe3d9jVu6gJ+4e3+MMpqu7pqE5HT6WsTSlce++GQmK5UXS8mzV8DSYHrQH+Xrf2jVcuKNg==}
    dev: true
